<?xml version="1.0" encoding="utf-8"?>
<Project ToolsVersion="4.0" xmlns="http://schemas.microsoft.com/developer/msbuild/2003">
  <ItemGroup>
    <Filter Include="源文件">
      <UniqueIdentifier>{4FC737F1-C7A5-4376-A066-2A32D752A2FF}</UniqueIdentifier>
      <Extensions>cpp;c;cc;cxx;def;odl;idl;hpj;bat;asm;asmx</Extensions>
    </Filter>
    <Filter Include="头文件">
      <UniqueIdentifier>{93995380-89BD-4b04-88EB-625FBE52EBFB}</UniqueIdentifier>
      <Extensions>h;hh;hpp;hxx;hm;inl;inc;xsd</Extensions>
    </Filter>
    <Filter Include="资源文件">
      <UniqueIdentifier>{67DA6AB6-F800-4c08-8B7A-83BB121AAD01}</UniqueIdentifier>
      <Extensions>rc;ico;cur;bmp;dlg;rc2;rct;bin;rgs;gif;jpg;jpeg;jpe;resx;tiff;tif;png;wav;mfcribbon-ms</Extensions>
    </Filter>
    <Filter Include="源文件\duktape">
      <UniqueIdentifier>{76af78f4-ea17-48dd-bffa-7cba48e70798}</UniqueIdentifier>
    </Filter>
    <Filter Include="头文件\opengl">
      <UniqueIdentifier>{ee461128-f7ba-476d-bc4c-2708df77e872}</UniqueIdentifier>
    </Filter>
    <Filter Include="源文件\opengl">
      <UniqueIdentifier>{3fe574d9-af5c-4122-a584-34eb91a0df26}</UniqueIdentifier>
    </Filter>
  </ItemGroup>
  <ItemGroup>
    <Text Include="ReadMe.txt" />
  </ItemGroup>
  <ItemGroup>
    <ClInclude Include="stdafx.h">
      <Filter>头文件</Filter>
    </ClInclude>
    <ClInclude Include="targetver.h">
      <Filter>头文件</Filter>
    </ClInclude>
    <ClInclude Include="duktape\duk_config.h">
      <Filter>源文件\duktape</Filter>
    </ClInclude>
    <ClInclude Include="duktape\duktape.h">
      <Filter>源文件\duktape</Filter>
    </ClInclude>
    <ClInclude Include="opengl\glxew.h">
      <Filter>头文件\opengl</Filter>
    </ClInclude>
    <ClInclude Include="opengl\wglew.h">
      <Filter>头文件\opengl</Filter>
    </ClInclude>
    <ClInclude Include="opengl\glew.h">
      <Filter>头文件\opengl</Filter>
    </ClInclude>
    <ClInclude Include="shadwomap.h">
      <Filter>头文件</Filter>
    </ClInclude>
    <ClInclude Include="LoardShaderProgram.h">
      <Filter>头文件</Filter>
    </ClInclude>
  </ItemGroup>
  <ItemGroup>
    <ClCompile Include="stdafx.cpp">
      <Filter>源文件</Filter>
    </ClCompile>
    <ClCompile Include="ConsoleApplication1.cpp">
      <Filter>源文件</Filter>
    </ClCompile>
    <ClCompile Include="duktape\duktape.c">
      <Filter>源文件\duktape</Filter>
    </ClCompile>
    <ClCompile Include="opengl\glew.c">
      <Filter>源文件\opengl</Filter>
    </ClCompile>
  </ItemGroup>
  <ItemGroup>
    <None Include="duktape\duk_source_meta.json">
      <Filter>源文件\duktape</Filter>
    </None>
    <None Include="ShadowMap.vertex">
      <Filter>头文件</Filter>
    </None>
    <None Include="ShadowMap.frag">
      <Filter>头文件</Filter>
    </None>
  </ItemGroup>
</Project>